
Microsoft Visual Studio Solution File, Format Version 12.00
# Visual Studio 15
VisualStudioVersion = 15.0.28010.2019
MinimumVisualStudioVersion = 10.0.40219.1
Project("{FAE04EC0-301F-11D3-BF4B-00C04F79EFBC}") = "ContosoWeb", "ContosoWeb\ContosoWeb.csproj", "{372BF5F1-F9D7-4FBC-A1CD-5A4ADE4CBD92}"
EndProject
Project("{FAE04EC0-301F-11D3-BF4B-00C04F79EFBC}") = "ContosoWeb.Tests", "ContosoWeb.Tests\ContosoWeb.Tests.csproj", "{02081940-EBFE-4CD3-B049-5155DBC57370}"
EndProject
Project("{FAE04EC0-301F-11D3-BF4B-00C04F79EFBC}") = "ContosoModels", "ContosoModels\ContosoModels.csproj", "{4FB04D14-8E5B-4C4B-A4D3-F7521EBCFCBE}"
EndProject
Project("{FAE04EC0-301F-11D3-BF4B-00C04F79EFBC}") = "ContosoDATA", "ContosoDATA\ContosoDATA.csproj", "{5503EC9D-7588-4684-9CE9-B96C4DE00EFE}"
EndProject
Project("{FAE04EC0-301F-11D3-BF4B-00C04F79EFBC}") = "ContosoService", "ContosoService\ContosoService.csproj", "{0EB27297-1E34-413F-BBF2-CC721616BFD9}"
EndProject
Global
	GlobalSection(SolutionConfigurationPlatforms) = preSolution
		Debug|Any CPU = Debug|Any CPU
		Release|Any CPU = Release|Any CPU
	EndGlobalSection
	GlobalSection(ProjectConfigurationPlatforms) = postSolution
		{372BF5F1-F9D7-4FBC-A1CD-5A4ADE4CBD92}.Debug|Any CPU.ActiveCfg = Debug|Any CPU
		{372BF5F1-F9D7-4FBC-A1CD-5A4ADE4CBD92}.Debug|Any CPU.Build.0 = Debug|Any CPU
		{372BF5F1-F9D7-4FBC-A1CD-5A4ADE4CBD92}.Release|Any CPU.ActiveCfg = Release|Any CPU
		{372BF5F1-F9D7-4FBC-A1CD-5A4ADE4CBD92}.Release|Any CPU.Build.0 = Release|Any CPU
		{02081940-EBFE-4CD3-B049-5155DBC57370}.Debug|Any CPU.ActiveCfg = Debug|Any CPU
		{02081940-EBFE-4CD3-B049-5155DBC57370}.Debug|Any CPU.Build.0 = Debug|Any CPU
		{02081940-EBFE-4CD3-B049-5155DBC57370}.Release|Any CPU.ActiveCfg = Release|Any CPU
		{02081940-EBFE-4CD3-B049-5155DBC57370}.Release|Any CPU.Build.0 = Release|Any CPU
		{4FB04D14-8E5B-4C4B-A4D3-F7521EBCFCBE}.Debug|Any CPU.ActiveCfg = Debug|Any CPU
		{4FB04D14-8E5B-4C4B-A4D3-F7521EBCFCBE}.Debug|Any CPU.Build.0 = Debug|Any CPU
		{4FB04D14-8E5B-4C4B-A4D3-F7521EBCFCBE}.Release|Any CPU.ActiveCfg = Release|Any CPU
		{4FB04D14-8E5B-4C4B-A4D3-F7521EBCFCBE}.Release|Any CPU.Build.0 = Release|Any CPU
		{5503EC9D-7588-4684-9CE9-B96C4DE00EFE}.Debug|Any CPU.ActiveCfg = Debug|Any CPU
		{5503EC9D-7588-4684-9CE9-B96C4DE00EFE}.Debug|Any CPU.Build.0 = Debug|Any CPU
		{5503EC9D-7588-4684-9CE9-B96C4DE00EFE}.Release|Any CPU.ActiveCfg = Release|Any CPU
		{5503EC9D-7588-4684-9CE9-B96C4DE00EFE}.Release|Any CPU.Build.0 = Release|Any CPU
		{0EB27297-1E34-413F-BBF2-CC721616BFD9}.Debug|Any CPU.ActiveCfg = Debug|Any CPU
		{0EB27297-1E34-413F-BBF2-CC721616BFD9}.Debug|Any CPU.Build.0 = Debug|Any CPU
		{0EB27297-1E34-413F-BBF2-CC721616BFD9}.Release|Any CPU.ActiveCfg = Release|Any CPU
		{0EB27297-1E34-413F-BBF2-CC721616BFD9}.Release|Any CPU.Build.0 = Release|Any CPU
	EndGlobalSection
	GlobalSection(SolutionProperties) = preSolution
		HideSolutionNode = FALSE
	EndGlobalSection
	GlobalSection(ExtensibilityGlobals) = postSolution
		SolutionGuid = {1448B0BC-05E6-4A11-80FE-9D1C90194EE3}
	EndGlobalSection
EndGlobal
